
Microsoft Visual Studio Solution File, Format Version 12.00
# Visual Studio Version 16
VisualStudioVersion = 16.0.30804.86
MinimumVisualStudioVersion = 10.0.40219.1
Project("{9A19103F-16F7-4668-BE54-9A1E7A4F7556}") = "WebApiBase", "WebApiBase\WebApiBase.csproj", "{2ACA2273-1695-42B6-AB42-EF2701A48C29}"
EndProject
Project("{9A19103F-16F7-4668-BE54-9A1E7A4F7556}") = "BussinesLayer", "BussinesLayer\BussinesLayer.csproj", "{2BC4AAD0-B112-4986-B783-16F19CEC74B0}"
EndProject
Project("{9A19103F-16F7-4668-BE54-9A1E7A4F7556}") = "AuthLayer", "AuthLayer\AuthLayer.csproj", "{E8C7453A-B7DB-4DEC-870B-F99B06B41AD1}"
EndProject
Project("{9A19103F-16F7-4668-BE54-9A1E7A4F7556}") = "DatabaseLayer", "DatabaseLayer\DatabaseLayer.csproj", "{F913FD3E-30F9-443D-B32D-D2B8550151E8}"
EndProject
Project("{FAE04EC0-301F-11D3-BF4B-00C04F79EFBC}") = "WebApiBase.Test", "WebApiBase.Test\WebApiBase.Test.csproj", "{37F6206F-9BCB-4AF2-99E9-439FCEA27BBF}"
EndProject
Global
	GlobalSection(SolutionConfigurationPlatforms) = preSolution
		Debug|Any CPU = Debug|Any CPU
		Release|Any CPU = Release|Any CPU
	EndGlobalSection
	GlobalSection(ProjectConfigurationPlatforms) = postSolution
		{2ACA2273-1695-42B6-AB42-EF2701A48C29}.Debug|Any CPU.ActiveCfg = Debug|Any CPU
		{2ACA2273-1695-42B6-AB42-EF2701A48C29}.Debug|Any CPU.Build.0 = Debug|Any CPU
		{2ACA2273-1695-42B6-AB42-EF2701A48C29}.Release|Any CPU.ActiveCfg = Release|Any CPU
		{2ACA2273-1695-42B6-AB42-EF2701A48C29}.Release|Any CPU.Build.0 = Release|Any CPU
		{2BC4AAD0-B112-4986-B783-16F19CEC74B0}.Debug|Any CPU.ActiveCfg = Debug|Any CPU
		{2BC4AAD0-B112-4986-B783-16F19CEC74B0}.Debug|Any CPU.Build.0 = Debug|Any CPU
		{2BC4AAD0-B112-4986-B783-16F19CEC74B0}.Release|Any CPU.ActiveCfg = Release|Any CPU
		{2BC4AAD0-B112-4986-B783-16F19CEC74B0}.Release|Any CPU.Build.0 = Release|Any CPU
		{E8C7453A-B7DB-4DEC-870B-F99B06B41AD1}.Debug|Any CPU.ActiveCfg = Debug|Any CPU
		{E8C7453A-B7DB-4DEC-870B-F99B06B41AD1}.Debug|Any CPU.Build.0 = Debug|Any CPU
		{E8C7453A-B7DB-4DEC-870B-F99B06B41AD1}.Release|Any CPU.ActiveCfg = Release|Any CPU
		{E8C7453A-B7DB-4DEC-870B-F99B06B41AD1}.Release|Any CPU.Build.0 = Release|Any CPU
		{F913FD3E-30F9-443D-B32D-D2B8550151E8}.Debug|Any CPU.ActiveCfg = Debug|Any CPU
		{F913FD3E-30F9-443D-B32D-D2B8550151E8}.Debug|Any CPU.Build.0 = Debug|Any CPU
		{F913FD3E-30F9-443D-B32D-D2B8550151E8}.Release|Any CPU.ActiveCfg = Release|Any CPU
		{F913FD3E-30F9-443D-B32D-D2B8550151E8}.Release|Any CPU.Build.0 = Release|Any CPU
		{37F6206F-9BCB-4AF2-99E9-439FCEA27BBF}.Debug|Any CPU.ActiveCfg = Debug|Any CPU
		{37F6206F-9BCB-4AF2-99E9-439FCEA27BBF}.Debug|Any CPU.Build.0 = Debug|Any CPU
		{37F6206F-9BCB-4AF2-99E9-439FCEA27BBF}.Release|Any CPU.ActiveCfg = Release|Any CPU
		{37F6206F-9BCB-4AF2-99E9-439FCEA27BBF}.Release|Any CPU.Build.0 = Release|Any CPU
	EndGlobalSection
	GlobalSection(SolutionProperties) = preSolution
		HideSolutionNode = FALSE
	EndGlobalSection
	GlobalSection(ExtensibilityGlobals) = postSolution
		SolutionGuid = {4CD56540-D55F-4302-8776-03339E3BE219}
	EndGlobalSection
EndGlobal
